
Microsoft Visual Studio Solution File, Format Version 12.00
# Visual Studio 15
VisualStudioVersion = 15.0.27703.2042
MinimumVisualStudioVersion = 10.0.40219.1
Project("{FAE04EC0-301F-11D3-BF4B-00C04F79EFBC}") = "ENT0401 - Tienda control compras 1.3", "ENT0401 - Tienda control compras 1.3\ENT0401 - Tienda control compras 1.3.csproj", "{D10F9949-99FF-42E0-AF0C-FBFBD88B5BF1}"
EndProject
Global
	GlobalSection(SolutionConfigurationPlatforms) = preSolution
		Debug|Any CPU = Debug|Any CPU
		Release|Any CPU = Release|Any CPU
	EndGlobalSection
	GlobalSection(ProjectConfigurationPlatforms) = postSolution
		{D10F9949-99FF-42E0-AF0C-FBFBD88B5BF1}.Debug|Any CPU.ActiveCfg = Debug|Any CPU
		{D10F9949-99FF-42E0-AF0C-FBFBD88B5BF1}.Debug|Any CPU.Build.0 = Debug|Any CPU
		{D10F9949-99FF-42E0-AF0C-FBFBD88B5BF1}.Release|Any CPU.ActiveCfg = Release|Any CPU
		{D10F9949-99FF-42E0-AF0C-FBFBD88B5BF1}.Release|Any CPU.Build.0 = Release|Any CPU
	EndGlobalSection
	GlobalSection(SolutionProperties) = preSolution
		HideSolutionNode = FALSE
	EndGlobalSection
	GlobalSection(ExtensibilityGlobals) = postSolution
		SolutionGuid = {B3D26BD3-8BF1-41C5-A19F-1A0F3728D4C3}
	EndGlobalSection
EndGlobal
